<?xml version="1.0" encoding="utf-8"?>
<Project ToolsVersion="16.0" xmlns="http://schemas.microsoft.com/developer/msbuild/2003">
  <ItemGroup>
    <ClCompile Include="C:\Users\Lizab\workspace\OpenModelica\FMU\Motoreducteur_FMU\sources\external_solvers\dgemm.c">
      <Filter>Source Files</Filter>
    </ClCompile>
    <ClCompile Include="C:\Users\Lizab\workspace\OpenModelica\FMU\Motoreducteur_FMU\sources\external_solvers\dger.c">
      <Filter>Source Files</Filter>
    </ClCompile>
    <ClCompile Include="C:\Users\Lizab\workspace\OpenModelica\FMU\Motoreducteur_FMU\sources\external_solvers\dgesv.c">
      <Filter>Source Files</Filter>
    </ClCompile>
    <ClCompile Include="C:\Users\Lizab\workspace\OpenModelica\FMU\Motoreducteur_FMU\sources\external_solvers\dgetf2.c">
      <Filter>Source Files</Filter>
    </ClCompile>
    <ClCompile Include="C:\Users\Lizab\workspace\OpenModelica\FMU\Motoreducteur_FMU\sources\external_solvers\dgetrf.c">
      <Filter>Source Files</Filter>
    </ClCompile>
    <ClCompile Include="C:\Users\Lizab\workspace\OpenModelica\FMU\Motoreducteur_FMU\sources\external_solvers\dgetrs.c">
      <Filter>Source Files</Filter>
    </ClCompile>
    <ClCompile Include="C:\Users\Lizab\workspace\OpenModelica\FMU\Motoreducteur_FMU\sources\external_solvers\dlamch.c">
      <Filter>Source Files</Filter>
    </ClCompile>
    <ClCompile Include="C:\Users\Lizab\workspace\OpenModelica\FMU\Motoreducteur_FMU\sources\external_solvers\dlaswp.c">
      <Filter>Source Files</Filter>
    </ClCompile>
    <ClCompile Include="C:\Users\Lizab\workspace\OpenModelica\FMU\Motoreducteur_FMU\sources\external_solvers\dogleg_.c">
      <Filter>Source Files</Filter>
    </ClCompile>
    <ClCompile Include="C:\Users\Lizab\workspace\OpenModelica\FMU\Motoreducteur_FMU\sources\external_solvers\dpmpar_.c">
      <Filter>Source Files</Filter>
    </ClCompile>
    <ClCompile Include="C:\Users\Lizab\workspace\OpenModelica\FMU\Motoreducteur_FMU\sources\external_solvers\dscal.c">
      <Filter>Source Files</Filter>
    </ClCompile>
    <ClCompile Include="C:\Users\Lizab\workspace\OpenModelica\FMU\Motoreducteur_FMU\sources\external_solvers\dswap.c">
      <Filter>Source Files</Filter>
    </ClCompile>
    <ClCompile Include="C:\Users\Lizab\workspace\OpenModelica\FMU\Motoreducteur_FMU\sources\external_solvers\dtrsm.c">
      <Filter>Source Files</Filter>
    </ClCompile>
    <ClCompile Include="C:\Users\Lizab\workspace\OpenModelica\FMU\Motoreducteur_FMU\sources\external_solvers\enorm_.c">
      <Filter>Source Files</Filter>
    </ClCompile>
    <ClCompile Include="C:\Users\Lizab\workspace\OpenModelica\FMU\Motoreducteur_FMU\sources\external_solvers\hybrj_.c">
      <Filter>Source Files</Filter>
    </ClCompile>
    <ClCompile Include="C:\Users\Lizab\workspace\OpenModelica\FMU\Motoreducteur_FMU\sources\external_solvers\i_nint.c">
      <Filter>Source Files</Filter>
    </ClCompile>
    <ClCompile Include="C:\Users\Lizab\workspace\OpenModelica\FMU\Motoreducteur_FMU\sources\external_solvers\idamax.c">
      <Filter>Source Files</Filter>
    </ClCompile>
    <ClCompile Include="C:\Users\Lizab\workspace\OpenModelica\FMU\Motoreducteur_FMU\sources\external_solvers\ieeeck.c">
      <Filter>Source Files</Filter>
    </ClCompile>
    <ClCompile Include="C:\Users\Lizab\workspace\OpenModelica\FMU\Motoreducteur_FMU\sources\external_solvers\ilaenv.c">
      <Filter>Source Files</Filter>
    </ClCompile>
    <ClCompile Include="C:\Users\Lizab\workspace\OpenModelica\FMU\Motoreducteur_FMU\sources\external_solvers\iparmq.c">
      <Filter>Source Files</Filter>
    </ClCompile>
    <ClCompile Include="C:\Users\Lizab\workspace\OpenModelica\FMU\Motoreducteur_FMU\sources\external_solvers\lsame.c">
      <Filter>Source Files</Filter>
    </ClCompile>
    <ClCompile Include="C:\Users\Lizab\workspace\OpenModelica\FMU\Motoreducteur_FMU\sources\external_solvers\pow_di.c">
      <Filter>Source Files</Filter>
    </ClCompile>
    <ClCompile Include="C:\Users\Lizab\workspace\OpenModelica\FMU\Motoreducteur_FMU\sources\external_solvers\qform_.c">
      <Filter>Source Files</Filter>
    </ClCompile>
    <ClCompile Include="C:\Users\Lizab\workspace\OpenModelica\FMU\Motoreducteur_FMU\sources\external_solvers\qrfac_.c">
      <Filter>Source Files</Filter>
    </ClCompile>
    <ClCompile Include="C:\Users\Lizab\workspace\OpenModelica\FMU\Motoreducteur_FMU\sources\external_solvers\r1mpyq_.c">
      <Filter>Source Files</Filter>
    </ClCompile>
    <ClCompile Include="C:\Users\Lizab\workspace\OpenModelica\FMU\Motoreducteur_FMU\sources\external_solvers\r1updt_.c">
      <Filter>Source Files</Filter>
    </ClCompile>
    <ClCompile Include="C:\Users\Lizab\workspace\OpenModelica\FMU\Motoreducteur_FMU\sources\external_solvers\s_cmp.c">
      <Filter>Source Files</Filter>
    </ClCompile>
    <ClCompile Include="C:\Users\Lizab\workspace\OpenModelica\FMU\Motoreducteur_FMU\sources\external_solvers\s_copy.c">
      <Filter>Source Files</Filter>
    </ClCompile>
    <ClCompile Include="C:\Users\Lizab\workspace\OpenModelica\FMU\Motoreducteur_FMU\sources\external_solvers\xerbla.c">
      <Filter>Source Files</Filter>
    </ClCompile>
    <ClCompile Include="C:\Users\Lizab\workspace\OpenModelica\FMU\Motoreducteur_FMU\sources\gc\memory_pool.c">
      <Filter>Source Files</Filter>
    </ClCompile>
    <ClCompile Include="C:\Users\Lizab\workspace\OpenModelica\FMU\Motoreducteur_FMU\sources\gc\omc_gc.c">
      <Filter>Source Files</Filter>
    </ClCompile>
    <ClCompile Include="C:\Users\Lizab\workspace\OpenModelica\FMU\Motoreducteur_FMU\sources\math-support\pivot.c">
      <Filter>Source Files</Filter>
    </ClCompile>
    <ClCompile Include="C:\Users\Lizab\workspace\OpenModelica\FMU\Motoreducteur_FMU\sources\meta\meta_modelica_catch.c">
      <Filter>Source Files</Filter>
    </ClCompile>
    <ClCompile Include="C:\Users\Lizab\workspace\OpenModelica\FMU\Motoreducteur_FMU\sources\simulation\jacobian_util.c">
      <Filter>Source Files</Filter>
    </ClCompile>
    <ClCompile Include="C:\Users\Lizab\workspace\OpenModelica\FMU\Motoreducteur_FMU\sources\simulation\omc_simulation_util.c">
      <Filter>Source Files</Filter>
    </ClCompile>
    <ClCompile Include="C:\Users\Lizab\workspace\OpenModelica\FMU\Motoreducteur_FMU\sources\simulation\options.c">
      <Filter>Source Files</Filter>
    </ClCompile>
    <ClCompile Include="C:\Users\Lizab\workspace\OpenModelica\FMU\Motoreducteur_FMU\sources\simulation\simulation_info_json.c">
      <Filter>Source Files</Filter>
    </ClCompile>
    <ClCompile Include="C:\Users\Lizab\workspace\OpenModelica\FMU\Motoreducteur_FMU\sources\simulation\simulation_omc_assert.c">
      <Filter>Source Files</Filter>
    </ClCompile>
    <ClCompile Include="C:\Users\Lizab\workspace\OpenModelica\FMU\Motoreducteur_FMU\sources\simulation\solver\delay.c">
      <Filter>Source Files</Filter>
    </ClCompile>
    <ClCompile Include="C:\Users\Lizab\workspace\OpenModelica\FMU\Motoreducteur_FMU\sources\simulation\solver\fmi_events.c">
      <Filter>Source Files</Filter>
    </ClCompile>
    <ClCompile Include="C:\Users\Lizab\workspace\OpenModelica\FMU\Motoreducteur_FMU\sources\simulation\solver\initialization\initialization.c">
      <Filter>Source Files</Filter>
    </ClCompile>
    <ClCompile Include="C:\Users\Lizab\workspace\OpenModelica\FMU\Motoreducteur_FMU\sources\simulation\solver\model_help.c">
      <Filter>Source Files</Filter>
    </ClCompile>
    <ClCompile Include="C:\Users\Lizab\workspace\OpenModelica\FMU\Motoreducteur_FMU\sources\simulation\solver\nonlinearSolverHomotopy.c">
      <Filter>Source Files</Filter>
    </ClCompile>
    <ClCompile Include="C:\Users\Lizab\workspace\OpenModelica\FMU\Motoreducteur_FMU\sources\simulation\solver\nonlinearSolverHybrd.c">
      <Filter>Source Files</Filter>
    </ClCompile>
    <ClCompile Include="C:\Users\Lizab\workspace\OpenModelica\FMU\Motoreducteur_FMU\sources\simulation\solver\nonlinearSystem.c">
      <Filter>Source Files</Filter>
    </ClCompile>
    <ClCompile Include="C:\Users\Lizab\workspace\OpenModelica\FMU\Motoreducteur_FMU\sources\simulation\solver\nonlinearValuesList.c">
      <Filter>Source Files</Filter>
    </ClCompile>
    <ClCompile Include="C:\Users\Lizab\workspace\OpenModelica\FMU\Motoreducteur_FMU\sources\simulation\solver\omc_math.c">
      <Filter>Source Files</Filter>
    </ClCompile>
    <ClCompile Include="C:\Users\Lizab\workspace\OpenModelica\FMU\Motoreducteur_FMU\sources\simulation\solver\spatialDistribution.c">
      <Filter>Source Files</Filter>
    </ClCompile>
    <ClCompile Include="C:\Users\Lizab\workspace\OpenModelica\FMU\Motoreducteur_FMU\sources\simulation\solver\stateset.c">
      <Filter>Source Files</Filter>
    </ClCompile>
    <ClCompile Include="C:\Users\Lizab\workspace\OpenModelica\FMU\Motoreducteur_FMU\sources\simulation\solver\synchronous.c">
      <Filter>Source Files</Filter>
    </ClCompile>
    <ClCompile Include="C:\Users\Lizab\workspace\OpenModelica\FMU\Motoreducteur_FMU\sources\util\ModelicaUtilities.c">
      <Filter>Source Files</Filter>
    </ClCompile>
    <ClCompile Include="C:\Users\Lizab\workspace\OpenModelica\FMU\Motoreducteur_FMU\sources\util\base_array.c">
      <Filter>Source Files</Filter>
    </ClCompile>
    <ClCompile Include="C:\Users\Lizab\workspace\OpenModelica\FMU\Motoreducteur_FMU\sources\util\boolean_array.c">
      <Filter>Source Files</Filter>
    </ClCompile>
    <ClCompile Include="C:\Users\Lizab\workspace\OpenModelica\FMU\Motoreducteur_FMU\sources\util\context.c">
      <Filter>Source Files</Filter>
    </ClCompile>
    <ClCompile Include="C:\Users\Lizab\workspace\OpenModelica\FMU\Motoreducteur_FMU\sources\util\division.c">
      <Filter>Source Files</Filter>
    </ClCompile>
    <ClCompile Include="C:\Users\Lizab\workspace\OpenModelica\FMU\Motoreducteur_FMU\sources\util\doubleEndedList.c">
      <Filter>Source Files</Filter>
    </ClCompile>
    <ClCompile Include="C:\Users\Lizab\workspace\OpenModelica\FMU\Motoreducteur_FMU\sources\util\generic_array.c">
      <Filter>Source Files</Filter>
    </ClCompile>
    <ClCompile Include="C:\Users\Lizab\workspace\OpenModelica\FMU\Motoreducteur_FMU\sources\util\index_spec.c">
      <Filter>Source Files</Filter>
    </ClCompile>
    <ClCompile Include="C:\Users\Lizab\workspace\OpenModelica\FMU\Motoreducteur_FMU\sources\util\integer_array.c">
      <Filter>Source Files</Filter>
    </ClCompile>
    <ClCompile Include="C:\Users\Lizab\workspace\OpenModelica\FMU\Motoreducteur_FMU\sources\util\list.c">
      <Filter>Source Files</Filter>
    </ClCompile>
    <ClCompile Include="C:\Users\Lizab\workspace\OpenModelica\FMU\Motoreducteur_FMU\sources\util\modelica_string.c">
      <Filter>Source Files</Filter>
    </ClCompile>
    <ClCompile Include="C:\Users\Lizab\workspace\OpenModelica\FMU\Motoreducteur_FMU\sources\util\modelica_string_lit.c">
      <Filter>Source Files</Filter>
    </ClCompile>
    <ClCompile Include="C:\Users\Lizab\workspace\OpenModelica\FMU\Motoreducteur_FMU\sources\util\omc_error.c">
      <Filter>Source Files</Filter>
    </ClCompile>
    <ClCompile Include="C:\Users\Lizab\workspace\OpenModelica\FMU\Motoreducteur_FMU\sources\util\omc_file.c">
      <Filter>Source Files</Filter>
    </ClCompile>
    <ClCompile Include="C:\Users\Lizab\workspace\OpenModelica\FMU\Motoreducteur_FMU\sources\util\omc_init.c">
      <Filter>Source Files</Filter>
    </ClCompile>
    <ClCompile Include="C:\Users\Lizab\workspace\OpenModelica\FMU\Motoreducteur_FMU\sources\util\omc_mmap.c">
      <Filter>Source Files</Filter>
    </ClCompile>
    <ClCompile Include="C:\Users\Lizab\workspace\OpenModelica\FMU\Motoreducteur_FMU\sources\util\omc_msvc.c">
      <Filter>Source Files</Filter>
    </ClCompile>
    <ClCompile Include="C:\Users\Lizab\workspace\OpenModelica\FMU\Motoreducteur_FMU\sources\util\omc_numbers.c">
      <Filter>Source Files</Filter>
    </ClCompile>
    <ClCompile Include="C:\Users\Lizab\workspace\OpenModelica\FMU\Motoreducteur_FMU\sources\util\parallel_helper.c">
      <Filter>Source Files</Filter>
    </ClCompile>
    <ClCompile Include="C:\Users\Lizab\workspace\OpenModelica\FMU\Motoreducteur_FMU\sources\util\rational.c">
      <Filter>Source Files</Filter>
    </ClCompile>
    <ClCompile Include="C:\Users\Lizab\workspace\OpenModelica\FMU\Motoreducteur_FMU\sources\util\real_array.c">
      <Filter>Source Files</Filter>
    </ClCompile>
    <ClCompile Include="C:\Users\Lizab\workspace\OpenModelica\FMU\Motoreducteur_FMU\sources\util\ringbuffer.c">
      <Filter>Source Files</Filter>
    </ClCompile>
    <ClCompile Include="C:\Users\Lizab\workspace\OpenModelica\FMU\Motoreducteur_FMU\sources\util\simulation_options.c">
      <Filter>Source Files</Filter>
    </ClCompile>
    <ClCompile Include="C:\Users\Lizab\workspace\OpenModelica\FMU\Motoreducteur_FMU\sources\util\string_array.c">
      <Filter>Source Files</Filter>
    </ClCompile>
    <ClCompile Include="C:\Users\Lizab\workspace\OpenModelica\FMU\Motoreducteur_FMU\sources\util\utility.c">
      <Filter>Source Files</Filter>
    </ClCompile>
    <ClCompile Include="C:\Users\Lizab\workspace\OpenModelica\FMU\Motoreducteur_FMU\sources\util\varinfo.c">
      <Filter>Source Files</Filter>
    </ClCompile>
    <ClCompile Include="C:\Users\Lizab\workspace\OpenModelica\FMU\Motoreducteur_FMU\sources\Motoreducteur.c">
      <Filter>Source Files</Filter>
    </ClCompile>
    <ClCompile Include="C:\Users\Lizab\workspace\OpenModelica\FMU\Motoreducteur_FMU\sources\Motoreducteur_01exo.c">
      <Filter>Source Files</Filter>
    </ClCompile>
    <ClCompile Include="C:\Users\Lizab\workspace\OpenModelica\FMU\Motoreducteur_FMU\sources\Motoreducteur_02nls.c">
      <Filter>Source Files</Filter>
    </ClCompile>
    <ClCompile Include="C:\Users\Lizab\workspace\OpenModelica\FMU\Motoreducteur_FMU\sources\Motoreducteur_03lsy.c">
      <Filter>Source Files</Filter>
    </ClCompile>
    <ClCompile Include="C:\Users\Lizab\workspace\OpenModelica\FMU\Motoreducteur_FMU\sources\Motoreducteur_04set.c">
      <Filter>Source Files</Filter>
    </ClCompile>
    <ClCompile Include="C:\Users\Lizab\workspace\OpenModelica\FMU\Motoreducteur_FMU\sources\Motoreducteur_05evt.c">
      <Filter>Source Files</Filter>
    </ClCompile>
    <ClCompile Include="C:\Users\Lizab\workspace\OpenModelica\FMU\Motoreducteur_FMU\sources\Motoreducteur_06inz.c">
      <Filter>Source Files</Filter>
    </ClCompile>
    <ClCompile Include="C:\Users\Lizab\workspace\OpenModelica\FMU\Motoreducteur_FMU\sources\Motoreducteur_07dly.c">
      <Filter>Source Files</Filter>
    </ClCompile>
    <ClCompile Include="C:\Users\Lizab\workspace\OpenModelica\FMU\Motoreducteur_FMU\sources\Motoreducteur_08bnd.c">
      <Filter>Source Files</Filter>
    </ClCompile>
    <ClCompile Include="C:\Users\Lizab\workspace\OpenModelica\FMU\Motoreducteur_FMU\sources\Motoreducteur_09alg.c">
      <Filter>Source Files</Filter>
    </ClCompile>
    <ClCompile Include="C:\Users\Lizab\workspace\OpenModelica\FMU\Motoreducteur_FMU\sources\Motoreducteur_10asr.c">
      <Filter>Source Files</Filter>
    </ClCompile>
    <ClCompile Include="C:\Users\Lizab\workspace\OpenModelica\FMU\Motoreducteur_FMU\sources\Motoreducteur_11mix.c">
      <Filter>Source Files</Filter>
    </ClCompile>
    <ClCompile Include="C:\Users\Lizab\workspace\OpenModelica\FMU\Motoreducteur_FMU\sources\Motoreducteur_12jac.c">
      <Filter>Source Files</Filter>
    </ClCompile>
    <ClCompile Include="C:\Users\Lizab\workspace\OpenModelica\FMU\Motoreducteur_FMU\sources\Motoreducteur_13opt.c">
      <Filter>Source Files</Filter>
    </ClCompile>
    <ClCompile Include="C:\Users\Lizab\workspace\OpenModelica\FMU\Motoreducteur_FMU\sources\Motoreducteur_14lnz.c">
      <Filter>Source Files</Filter>
    </ClCompile>
    <ClCompile Include="C:\Users\Lizab\workspace\OpenModelica\FMU\Motoreducteur_FMU\sources\Motoreducteur_15syn.c">
      <Filter>Source Files</Filter>
    </ClCompile>
    <ClCompile Include="C:\Users\Lizab\workspace\OpenModelica\FMU\Motoreducteur_FMU\sources\Motoreducteur_16dae.c">
      <Filter>Source Files</Filter>
    </ClCompile>
    <ClCompile Include="C:\Users\Lizab\workspace\OpenModelica\FMU\Motoreducteur_FMU\sources\Motoreducteur_17inl.c">
      <Filter>Source Files</Filter>
    </ClCompile>
    <ClCompile Include="C:\Users\Lizab\workspace\OpenModelica\FMU\Motoreducteur_FMU\sources\Motoreducteur_18spd.c">
      <Filter>Source Files</Filter>
    </ClCompile>
    <ClCompile Include="C:\Users\Lizab\workspace\OpenModelica\FMU\Motoreducteur_FMU\sources\Motoreducteur_FMU.c">
      <Filter>Source Files</Filter>
    </ClCompile>
    <ClCompile Include="C:\Users\Lizab\workspace\OpenModelica\FMU\Motoreducteur_FMU\sources\Motoreducteur_functions.c">
      <Filter>Source Files</Filter>
    </ClCompile>
    <ClCompile Include="C:\Users\Lizab\workspace\OpenModelica\FMU\Motoreducteur_FMU\sources\Motoreducteur_init_fmu.c">
      <Filter>Source Files</Filter>
    </ClCompile>
    <ClCompile Include="C:\Users\Lizab\workspace\OpenModelica\FMU\Motoreducteur_FMU\sources\Motoreducteur_records.c">
      <Filter>Source Files</Filter>
    </ClCompile>
  </ItemGroup>
  <ItemGroup>
    <CustomBuild Include="C:\Users\Lizab\workspace\OpenModelica\FMU\Motoreducteur_FMU\sources\CMakeLists.txt" />
  </ItemGroup>
  <ItemGroup>
    <Filter Include="Source Files">
      <UniqueIdentifier>{2ACA36A8-B20A-333F-8567-B2024C2678A3}</UniqueIdentifier>
    </Filter>
  </ItemGroup>
</Project>
